
Microsoft Visual Studio Solution File, Format Version 12.00
# Visual Studio 15
VisualStudioVersion = 15.0.28306.52
MinimumVisualStudioVersion = 10.0.40219.1
Project("{FAE04EC0-301F-11D3-BF4B-00C04F79EFBC}") = "TaskTest", "TaskTest\TaskTest.csproj", "{61950C9F-FA79-47AF-B8ED-78A770AFE601}"
EndProject
Global
	GlobalSection(SolutionConfigurationPlatforms) = preSolution
		Debug|Any CPU = Debug|Any CPU
		Release|Any CPU = Release|Any CPU
	EndGlobalSection
	GlobalSection(ProjectConfigurationPlatforms) = postSolution
		{61950C9F-FA79-47AF-B8ED-78A770AFE601}.Debug|Any CPU.ActiveCfg = Debug|Any CPU
		{61950C9F-FA79-47AF-B8ED-78A770AFE601}.Debug|Any CPU.Build.0 = Debug|Any CPU
		{61950C9F-FA79-47AF-B8ED-78A770AFE601}.Release|Any CPU.ActiveCfg = Release|Any CPU
		{61950C9F-FA79-47AF-B8ED-78A770AFE601}.Release|Any CPU.Build.0 = Release|Any CPU
	EndGlobalSection
	GlobalSection(SolutionProperties) = preSolution
		HideSolutionNode = FALSE
	EndGlobalSection
	GlobalSection(ExtensibilityGlobals) = postSolution
		SolutionGuid = {B6ADB915-0176-49A2-8EAC-40A0D6969E40}
	EndGlobalSection
EndGlobal
